{
  "name": "test-gh-actions",
  "version": "1.0.0",
  "lockfileVersion": 2,
  "requires": true,
  "packages": {
    "": {
      "name": "test-gh-actions",
      "version": "1.0.0",
      "license": "ISC",
      "dependencies": {
        "jener": "^1.0.1"
      },
      "devDependencies": {}
    },
    "node_modules/jener": {
      "version": "1.0.1",
      "resolved": "https://registry.npmjs.org/jener/-/jener-1.0.1.tgz",
      "integrity": "sha512-sI9Fnu6uGR5pD67LkWsVFawnXPXlvWZ353sk7JIGm6Y9YcCH93gzN+mrk/FcSd9AbPNz3+Xt95XOZMP4/FRAww==",
      "bin": {
        "jener": "bin/index.js"
      }
    }
  },
  "dependencies": {
    "jener": {
      "version": "1.0.1",
      "resolved": "https://registry.npmjs.org/jener/-/jener-1.0.1.tgz",
      "integrity": "sha512-sI9Fnu6uGR5pD67LkWsVFawnXPXlvWZ353sk7JIGm6Y9YcCH93gzN+mrk/FcSd9AbPNz3+Xt95XOZMP4/FRAww=="
    }
  }
}
